// !$*UTF8*$!
{
	archiveVersion = 1;
	classes = {
	};
	objectVersion = 56;
	objects = {

/* Begin PBXBuildFile section */
		2B120CF12B9133C0004CC4E6 /* .gitignore in Resources */ = {isa = PBXBuildFile; fileRef = 2B120CF02B9133C0004CC4E6 /* .gitignore */; };
		2B120CF42B9135E5004CC4E6 /* ProjectView.swift in Sources */ = {isa = PBXBuildFile; fileRef = 2B120CF32B9135E5004CC4E6 /* ProjectView.swift */; };
		2B120CF62B91360C004CC4E6 /* ResultView.swift in Sources */ = {isa = PBXBuildFile; fileRef = 2B120CF52B91360C004CC4E6 /* ResultView.swift */; };
		2B120CF82B91364F004CC4E6 /* LivePhotoView.swift in Sources */ = {isa = PBXBuildFile; fileRef = 2B120CF72B91364F004CC4E6 /* LivePhotoView.swift */; };
		2B120CFA2B91365F004CC4E6 /* ActivityView.swift in Sources */ = {isa = PBXBuildFile; fileRef = 2B120CF92B91365F004CC4E6 /* ActivityView.swift */; };
		2B120CFC2B913672004CC4E6 /* GuideView.swift in Sources */ = {isa = PBXBuildFile; fileRef = 2B120CFB2B913672004CC4E6 /* GuideView.swift */; };
		2B120CFE2B9136C6004CC4E6 /* ResourceFetcher.swift in Sources */ = {isa = PBXBuildFile; fileRef = 2B120CFD2B9136C6004CC4E6 /* ResourceFetcher.swift */; };
		2B120D002B9136E5004CC4E6 /* Transcoder.swift in Sources */ = {isa = PBXBuildFile; fileRef = 2B120CFF2B9136E5004CC4E6 /* Transcoder.swift */; };
		2B120D022B913731004CC4E6 /* ViewModels.swift in Sources */ = {isa = PBXBuildFile; fileRef = 2B120D012B913731004CC4E6 /* ViewModels.swift */; };
		FA32618C2B8F173900C1E5B2 /* LiveArtApp.swift in Sources */ = {isa = PBXBuildFile; fileRef = FA32618B2B8F173900C1E5B2 /* LiveArtApp.swift */; };
		FA32618E2B8F173900C1E5B2 /* ContentView.swift in Sources */ = {isa = PBXBuildFile; fileRef = FA32618D2B8F173900C1E5B2 /* ContentView.swift */; };
		FA3261902B8F173900C1E5B2 /* Item.swift in Sources */ = {isa = PBXBuildFile; fileRef = FA32618F2B8F173900C1E5B2 /* Item.swift */; };
		FA3261922B8F173A00C1E5B2 /* Assets.xcassets in Resources */ = {isa = PBXBuildFile; fileRef = FA3261912B8F173A00C1E5B2 /* Assets.xcassets */; };
		FA3261952B8F173A00C1E5B2 /* Preview Assets.xcassets in Resources */ = {isa = PBXBuildFile; fileRef = FA3261942B8F173A00C1E5B2 /* Preview Assets.xcassets */; };
		FA32619C2B8F246500C1E5B2 /* Utils.swift in Sources */ = {isa = PBXBuildFile; fileRef = FA32619B2B8F246500C1E5B2 /* Utils.swift */; };
		FA32619E2B8F248E00C1E5B2 /* LivePhoto.swift in Sources */ = {isa = PBXBuildFile; fileRef = FA32619D2B8F248E00C1E5B2 /* LivePhoto.swift */; };
		FA3261A02B8F24B900C1E5B2 /* Project.swift in Sources */ = {isa = PBXBuildFile; fileRef = FA32619F2B8F24B900C1E5B2 /* Project.swift */; };
/* End PBXBuildFile section */

/* Begin PBXFileReference section */
		2B120CF02B9133C0004CC4E6 /* .gitignore */ = {isa = PBXFileReference; lastKnownFileType = text; path = .gitignore; sourceTree = "<group>"; };
		2B120CF32B9135E5004CC4E6 /* ProjectView.swift */ = {isa = PBXFileReference; lastKnownFileType = sourcecode.swift; path = ProjectView.swift; sourceTree = "<group>"; };
		2B120CF52B91360C004CC4E6 /* ResultView.swift */ = {isa = PBXFileReference; lastKnownFileType = sourcecode.swift; path = ResultView.swift; sourceTree = "<group>"; };
		2B120CF72B91364F004CC4E6 /* LivePhotoView.swift */ = {isa = PBXFileReference; lastKnownFileType = sourcecode.swift; path = LivePhotoView.swift; sourceTree = "<group>"; };
		2B120CF92B91365F004CC4E6 /* ActivityView.swift */ = {isa = PBXFileReference; lastKnownFileType = sourcecode.swift; path = ActivityView.swift; sourceTree = "<group>"; };
		2B120CFB2B913672004CC4E6 /* GuideView.swift */ = {isa = PBXFileReference; lastKnownFileType = sourcecode.swift; path = GuideView.swift; sourceTree = "<group>"; };
		2B120CFD2B9136C6004CC4E6 /* ResourceFetcher.swift */ = {isa = PBXFileReference; lastKnownFileType = sourcecode.swift; path = ResourceFetcher.swift; sourceTree = "<group>"; };
		2B120CFF2B9136E5004CC4E6 /* Transcoder.swift */ = {isa = PBXFileReference; lastKnownFileType = sourcecode.swift; path = Transcoder.swift; sourceTree = "<group>"; };
		2B120D012B913731004CC4E6 /* ViewModels.swift */ = {isa = PBXFileReference; lastKnownFileType = sourcecode.swift; path = ViewModels.swift; sourceTree = "<group>"; };
		FA3261882B8F173900C1E5B2 /* LiveArt.app */ = {isa = PBXFileReference; explicitFileType = wrapper.application; includeInIndex = 0; path = LiveArt.app; sourceTree = BUILT_PRODUCTS_DIR; };
		FA32618B2B8F173900C1E5B2 /* LiveArtApp.swift */ = {isa = PBXFileReference; lastKnownFileType = sourcecode.swift; path = LiveArtApp.swift; sourceTree = "<group>"; };
		FA32618D2B8F173900C1E5B2 /* ContentView.swift */ = {isa = PBXFileReference; lastKnownFileType = sourcecode.swift; path = ContentView.swift; sourceTree = "<group>"; };
		FA32618F2B8F173900C1E5B2 /* Item.swift */ = {isa = PBXFileReference; lastKnownFileType = sourcecode.swift; path = Item.swift; sourceTree = "<group>"; };
		FA3261912B8F173A00C1E5B2 /* Assets.xcassets */ = {isa = PBXFileReference; lastKnownFileType = folder.assetcatalog; path = Assets.xcassets; sourceTree = "<group>"; };
		FA3261942B8F173A00C1E5B2 /* Preview Assets.xcassets */ = {isa = PBXFileReference; lastKnownFileType = folder.assetcatalog; path = "Preview Assets.xcassets"; sourceTree = "<group>"; };
		FA32619B2B8F246500C1E5B2 /* Utils.swift */ = {isa = PBXFileReference; lastKnownFileType = sourcecode.swift; path = Utils.swift; sourceTree = "<group>"; };
		FA32619D2B8F248E00C1E5B2 /* LivePhoto.swift */ = {isa = PBXFileReference; lastKnownFileType = sourcecode.swift; path = LivePhoto.swift; sourceTree = "<group>"; };
		FA32619F2B8F24B900C1E5B2 /* Project.swift */ = {isa = PBXFileReference; lastKnownFileType = sourcecode.swift; path = Project.swift; sourceTree = "<group>"; };
/* End PBXFileReference section */

/* Begin PBXFrameworksBuildPhase section */
		FA3261852B8F173900C1E5B2 /* Frameworks */ = {
			isa = PBXFrameworksBuildPhase;
			buildActionMask = 2147483647;
			files = (
			);
			runOnlyForDeploymentPostprocessing = 0;
		};
/* End PBXFrameworksBuildPhase section */

/* Begin PBXGroup section */
		2B120CF22B9135C7004CC4E6 /* Views */ = {
			isa = PBXGroup;
			children = (
				2B120CF32B9135E5004CC4E6 /* ProjectView.swift */,
				2B120CF52B91360C004CC4E6 /* ResultView.swift */,
				2B120CF72B91364F004CC4E6 /* LivePhotoView.swift */,
				2B120CF92B91365F004CC4E6 /* ActivityView.swift */,
				2B120CFB2B913672004CC4E6 /* GuideView.swift */,
			);
			path = Views;
			sourceTree = "<group>";
		};
		2B120D032B9137B7004CC4E6 /* Resources */ = {
			isa = PBXGroup;
			children = (
			);
			path = Resources;
			sourceTree = "<group>";
		};
		FA32617F2B8F173900C1E5B2 = {
			isa = PBXGroup;
			children = (
				2B120CF02B9133C0004CC4E6 /* .gitignore */,
				FA32618A2B8F173900C1E5B2 /* LiveArt */,
				FA3261892B8F173900C1E5B2 /* Products */,
			);
			sourceTree = "<group>";
		};
		FA3261892B8F173900C1E5B2 /* Products */ = {
			isa = PBXGroup;
			children = (
				FA3261882B8F173900C1E5B2 /* LiveArt.app */,
			);
			name = Products;
			sourceTree = "<group>";
		};
		FA32618A2B8F173900C1E5B2 /* LiveArt */ = {
			isa = PBXGroup;
			children = (
				2B120D032B9137B7004CC4E6 /* Resources */,
				2B120CF22B9135C7004CC4E6 /* Views */,
				FA3261A22B8F24F900C1E5B2 /* Utils */,
				FA3261A12B8F24E200C1E5B2 /* Models */,
				FA32618B2B8F173900C1E5B2 /* LiveArtApp.swift */,
				FA32618D2B8F173900C1E5B2 /* ContentView.swift */,
				FA3261912B8F173A00C1E5B2 /* Assets.xcassets */,
				FA3261932B8F173A00C1E5B2 /* Preview Content */,
				2B120D012B913731004CC4E6 /* ViewModels.swift */,
			);
			path = LiveArt;
			sourceTree = "<group>";
		};
		FA3261932B8F173A00C1E5B2 /* Preview Content */ = {
			isa = PBXGroup;
			children = (
				FA3261942B8F173A00C1E5B2 /* Preview Assets.xcassets */,
			);
			path = "Preview Content";
			sourceTree = "<group>";
		};
		FA3261A12B8F24E200C1E5B2 /* Models */ = {
			isa = PBXGroup;
			children = (
				FA32618F2B8F173900C1E5B2 /* Item.swift */,
				FA32619D2B8F248E00C1E5B2 /* LivePhoto.swift */,
				FA32619F2B8F24B900C1E5B2 /* Project.swift */,
			);
			path = Models;
			sourceTree = "<group>";
		};
		FA3261A22B8F24F900C1E5B2 /* Utils */ = {
			isa = PBXGroup;
			children = (
				FA32619B2B8F246500C1E5B2 /* Utils.swift */,
				2B120CFD2B9136C6004CC4E6 /* ResourceFetcher.swift */,
				2B120CFF2B9136E5004CC4E6 /* Transcoder.swift */,
			);
			path = Utils;
			sourceTree = "<group>";
		};
/* End PBXGroup section */

/* Begin PBXNativeTarget section */
		FA3261872B8F173900C1E5B2 /* LiveArt */ = {
			isa = PBXNativeTarget;
			buildConfigurationList = FA3261982B8F173A00C1E5B2 /* Build configuration list for PBXNativeTarget "LiveArt" */;
			buildPhases = (
				FA3261842B8F173900C1E5B2 /* Sources */,
				FA3261852B8F173900C1E5B2 /* Frameworks */,
				FA3261862B8F173900C1E5B2 /* Resources */,
			);
			buildRules = (
			);
			dependencies = (
			);
			name = LiveArt;
			productName = LiveArt;
			productReference = FA3261882B8F173900C1E5B2 /* LiveArt.app */;
			productType = "com.apple.product-type.application";
		};
/* End PBXNativeTarget section */

/* Begin PBXProject section */
		FA3261802B8F173900C1E5B2 /* Project object */ = {
			isa = PBXProject;
			attributes = {
				BuildIndependentTargetsInParallel = 1;
				LastSwiftUpdateCheck = 1520;
				LastUpgradeCheck = 1520;
				TargetAttributes = {
					FA3261872B8F173900C1E5B2 = {
						CreatedOnToolsVersion = 15.2;
					};
				};
			};
			buildConfigurationList = FA3261832B8F173900C1E5B2 /* Build configuration list for PBXProject "LiveArt" */;
			compatibilityVersion = "Xcode 14.0";
			developmentRegion = en;
			hasScannedForEncodings = 0;
			knownRegions = (
				en,
				Base,
			);
			mainGroup = FA32617F2B8F173900C1E5B2;
			productRefGroup = FA3261892B8F173900C1E5B2 /* Products */;
			projectDirPath = "";
			projectRoot = "";
			targets = (
				FA3261872B8F173900C1E5B2 /* LiveArt */,
			);
		};
/* End PBXProject section */

/* Begin PBXResourcesBuildPhase section */
		FA3261862B8F173900C1E5B2 /* Resources */ = {
			isa = PBXResourcesBuildPhase;
			buildActionMask = 2147483647;
			files = (
				FA3261952B8F173A00C1E5B2 /* Preview Assets.xcassets in Resources */,
				2B120CF12B9133C0004CC4E6 /* .gitignore in Resources */,
				FA3261922B8F173A00C1E5B2 /* Assets.xcassets in Resources */,
			);
			runOnlyForDeploymentPostprocessing = 0;
		};
/* End PBXResourcesBuildPhase section */

/* Begin PBXSourcesBuildPhase section */
		FA3261842B8F173900C1E5B2 /* Sources */ = {
			isa = PBXSourcesBuildPhase;
			buildActionMask = 2147483647;
			files = (
				FA32618E2B8F173900C1E5B2 /* ContentView.swift in Sources */,
				FA3261902B8F173900C1E5B2 /* Item.swift in Sources */,
				FA32618C2B8F173900C1E5B2 /* LiveArtApp.swift in Sources */,
				2B120CFA2B91365F004CC4E6 /* ActivityView.swift in Sources */,
				FA32619E2B8F248E00C1E5B2 /* LivePhoto.swift in Sources */,
				2B120D002B9136E5004CC4E6 /* Transcoder.swift in Sources */,
				2B120CF42B9135E5004CC4E6 /* ProjectView.swift in Sources */,
				2B120CF82B91364F004CC4E6 /* LivePhotoView.swift in Sources */,
				2B120CF62B91360C004CC4E6 /* ResultView.swift in Sources */,
				2B120CFC2B913672004CC4E6 /* GuideView.swift in Sources */,
				2B120CFE2B9136C6004CC4E6 /* ResourceFetcher.swift in Sources */,
				FA32619C2B8F246500C1E5B2 /* Utils.swift in Sources */,
				2B120D022B913731004CC4E6 /* ViewModels.swift in Sources */,
				FA3261A02B8F24B900C1E5B2 /* Project.swift in Sources */,
			);
			runOnlyForDeploymentPostprocessing = 0;
		};
/* End PBXSourcesBuildPhase section */

/* Begin XCBuildConfiguration section */
		FA3261962B8F173A00C1E5B2 /* Debug */ = {
			isa = XCBuildConfiguration;
			buildSettings = {
				ALWAYS_SEARCH_USER_PATHS = NO;
				ASSETCATALOG_COMPILER_GENERATE_SWIFT_ASSET_SYMBOL_EXTENSIONS = YES;
				CLANG_ANALYZER_NONNULL = YES;
				CLANG_ANALYZER_NUMBER_OBJECT_CONVERSION = YES_AGGRESSIVE;
				CLANG_CXX_LANGUAGE_STANDARD = "gnu++20";
				CLANG_ENABLE_MODULES = YES;
				CLANG_ENABLE_OBJC_ARC = YES;
				CLANG_ENABLE_OBJC_WEAK = YES;
				CLANG_WARN_BLOCK_CAPTURE_AUTORELEASING = YES;
				CLANG_WARN_BOOL_CONVERSION = YES;
				CLANG_WARN_COMMA = YES;
				CLANG_WARN_CONSTANT_CONVERSION = YES;
				CLANG_WARN_DEPRECATED_OBJC_IMPLEMENTATIONS = YES;
				CLANG_WARN_DIRECT_OBJC_ISA_USAGE = YES_ERROR;
				CLANG_WARN_DOCUMENTATION_COMMENTS = YES;
				CLANG_WARN_EMPTY_BODY = YES;
				CLANG_WARN_ENUM_CONVERSION = YES;
				CLANG_WARN_INFINITE_RECURSION = YES;
				CLANG_WARN_INT_CONVERSION = YES;
				CLANG_WARN_NON_LITERAL_NULL_CONVERSION = YES;
				CLANG_WARN_OBJC_IMPLICIT_RETAIN_SELF = YES;
				CLANG_WARN_OBJC_LITERAL_CONVERSION = YES;
				CLANG_WARN_OBJC_ROOT_CLASS = YES_ERROR;
				CLANG_WARN_QUOTED_INCLUDE_IN_FRAMEWORK_HEADER = YES;
				CLANG_WARN_RANGE_LOOP_ANALYSIS = YES;
				CLANG_WARN_STRICT_PROTOTYPES = YES;
				CLANG_WARN_SUSPICIOUS_MOVE = YES;
				CLANG_WARN_UNGUARDED_AVAILABILITY = YES_AGGRESSIVE;
				CLANG_WARN_UNREACHABLE_CODE = YES;
				CLANG_WARN__DUPLICATE_METHOD_MATCH = YES;
				COPY_PHASE_STRIP = NO;
				DEBUG_INFORMATION_FORMAT = dwarf;
				ENABLE_STRICT_OBJC_MSGSEND = YES;
				ENABLE_TESTABILITY = YES;
				ENABLE_USER_SCRIPT_SANDBOXING = YES;
				GCC_C_LANGUAGE_STANDARD = gnu17;
				GCC_DYNAMIC_NO_PIC = NO;
				GCC_NO_COMMON_BLOCKS = YES;
				GCC_OPTIMIZATION_LEVEL = 0;
				GCC_PREPROCESSOR_DEFINITIONS = (
					"DEBUG=1",
					"$(inherited)",
				);
				GCC_WARN_64_TO_32_BIT_CONVERSION = YES;
				GCC_WARN_ABOUT_RETURN_TYPE = YES_ERROR;
				GCC_WARN_UNDECLARED_SELECTOR = YES;
				GCC_WARN_UNINITIALIZED_AUTOS = YES_AGGRESSIVE;
				GCC_WARN_UNUSED_FUNCTION = YES;
				GCC_WARN_UNUSED_VARIABLE = YES;
				IPHONEOS_DEPLOYMENT_TARGET = 17.2;
				LOCALIZATION_PREFERS_STRING_CATALOGS = YES;
				MTL_ENABLE_DEBUG_INFO = INCLUDE_SOURCE;
				MTL_FAST_MATH = YES;
				ONLY_ACTIVE_ARCH = YES;
				SDKROOT = iphoneos;
				SWIFT_ACTIVE_COMPILATION_CONDITIONS = "DEBUG $(inherited)";
				SWIFT_OPTIMIZATION_LEVEL = "-Onone";
			};
			name = Debug;
		};
		FA3261972B8F173A00C1E5B2 /* Release */ = {
			isa = XCBuildConfiguration;
			buildSettings = {
				ALWAYS_SEARCH_USER_PATHS = NO;
				ASSETCATALOG_COMPILER_GENERATE_SWIFT_ASSET_SYMBOL_EXTENSIONS = YES;
				CLANG_ANALYZER_NONNULL = YES;
				CLANG_ANALYZER_NUMBER_OBJECT_CONVERSION = YES_AGGRESSIVE;
				CLANG_CXX_LANGUAGE_STANDARD = "gnu++20";
				CLANG_ENABLE_MODULES = YES;
				CLANG_ENABLE_OBJC_ARC = YES;
				CLANG_ENABLE_OBJC_WEAK = YES;
				CLANG_WARN_BLOCK_CAPTURE_AUTORELEASING = YES;
				CLANG_WARN_BOOL_CONVERSION = YES;
				CLANG_WARN_COMMA = YES;
				CLANG_WARN_CONSTANT_CONVERSION = YES;
				CLANG_WARN_DEPRECATED_OBJC_IMPLEMENTATIONS = YES;
				CLANG_WARN_DIRECT_OBJC_ISA_USAGE = YES_ERROR;
				CLANG_WARN_DOCUMENTATION_COMMENTS = YES;
				CLANG_WARN_EMPTY_BODY = YES;
				CLANG_WARN_ENUM_CONVERSION = YES;
				CLANG_WARN_INFINITE_RECURSION = YES;
				CLANG_WARN_INT_CONVERSION = YES;
				CLANG_WARN_NON_LITERAL_NULL_CONVERSION = YES;
				CLANG_WARN_OBJC_IMPLICIT_RETAIN_SELF = YES;
				CLANG_WARN_OBJC_LITERAL_CONVERSION = YES;
				CLANG_WARN_OBJC_ROOT_CLASS = YES_ERROR;
				CLANG_WARN_QUOTED_INCLUDE_IN_FRAMEWORK_HEADER = YES;
				CLANG_WARN_RANGE_LOOP_ANALYSIS = YES;
				CLANG_WARN_STRICT_PROTOTYPES = YES;
				CLANG_WARN_SUSPICIOUS_MOVE = YES;
				CLANG_WARN_UNGUARDED_AVAILABILITY = YES_AGGRESSIVE;
				CLANG_WARN_UNREACHABLE_CODE = YES;
				CLANG_WARN__DUPLICATE_METHOD_MATCH = YES;
				COPY_PHASE_STRIP = NO;
				DEBUG_INFORMATION_FORMAT = "dwarf-with-dsym";
				ENABLE_NS_ASSERTIONS = NO;
				ENABLE_STRICT_OBJC_MSGSEND = YES;
				ENABLE_USER_SCRIPT_SANDBOXING = YES;
				GCC_C_LANGUAGE_STANDARD = gnu17;
				GCC_NO_COMMON_BLOCKS = YES;
				GCC_WARN_64_TO_32_BIT_CONVERSION = YES;
				GCC_WARN_ABOUT_RETURN_TYPE = YES_ERROR;
				GCC_WARN_UNDECLARED_SELECTOR = YES;
				GCC_WARN_UNINITIALIZED_AUTOS = YES_AGGRESSIVE;
				GCC_WARN_UNUSED_FUNCTION = YES;
				GCC_WARN_UNUSED_VARIABLE = YES;
				IPHONEOS_DEPLOYMENT_TARGET = 17.2;
				LOCALIZATION_PREFERS_STRING_CATALOGS = YES;
				MTL_ENABLE_DEBUG_INFO = NO;
				MTL_FAST_MATH = YES;
				SDKROOT = iphoneos;
				SWIFT_COMPILATION_MODE = wholemodule;
				VALIDATE_PRODUCT = YES;
			};
			name = Release;
		};
		FA3261992B8F173A00C1E5B2 /* Debug */ = {
			isa = XCBuildConfiguration;
			buildSettings = {
				ASSETCATALOG_COMPILER_APPICON_NAME = AppIcon;
				ASSETCATALOG_COMPILER_GLOBAL_ACCENT_COLOR_NAME = AccentColor;
				CODE_SIGN_STYLE = Automatic;
				CURRENT_PROJECT_VERSION = 1;
				DEVELOPMENT_ASSET_PATHS = "\"LiveArt/Preview Content\"";
				DEVELOPMENT_TEAM = TVRHF7U882;
				ENABLE_PREVIEWS = YES;
				GENERATE_INFOPLIST_FILE = YES;
				INFOPLIST_KEY_CFBundleDisplayName = LiveArt;
				INFOPLIST_KEY_LSApplicationCategoryType = "public.app-category.video";
				INFOPLIST_KEY_UIApplicationSceneManifest_Generation = YES;
				INFOPLIST_KEY_UIApplicationSupportsIndirectInputEvents = YES;
				INFOPLIST_KEY_UILaunchScreen_Generation = YES;
				INFOPLIST_KEY_UISupportedInterfaceOrientations_iPad = "UIInterfaceOrientationPortrait UIInterfaceOrientationPortraitUpsideDown UIInterfaceOrientationLandscapeLeft UIInterfaceOrientationLandscapeRight";
				INFOPLIST_KEY_UISupportedInterfaceOrientations_iPhone = "UIInterfaceOrientationPortrait UIInterfaceOrientationLandscapeLeft UIInterfaceOrientationLandscapeRight";
				LD_RUNPATH_SEARCH_PATHS = (
					"$(inherited)",
					"@executable_path/Frameworks",
				);
				MARKETING_VERSION = 1.0;
				PRODUCT_BUNDLE_IDENTIFIER = me.xikai.LiveArt;
				PRODUCT_NAME = "$(TARGET_NAME)";
				SWIFT_EMIT_LOC_STRINGS = YES;
				SWIFT_VERSION = 5.0;
				TARGETED_DEVICE_FAMILY = "1,2";
			};
			name = Debug;
		};
		FA32619A2B8F173A00C1E5B2 /* Release */ = {
			isa = XCBuildConfiguration;
			buildSettings = {
				ASSETCATALOG_COMPILER_APPICON_NAME = AppIcon;
				ASSETCATALOG_COMPILER_GLOBAL_ACCENT_COLOR_NAME = AccentColor;
				CODE_SIGN_STYLE = Automatic;
				CURRENT_PROJECT_VERSION = 1;
				DEVELOPMENT_ASSET_PATHS = "\"LiveArt/Preview Content\"";
				DEVELOPMENT_TEAM = TVRHF7U882;
				ENABLE_PREVIEWS = YES;
				GENERATE_INFOPLIST_FILE = YES;
				INFOPLIST_KEY_CFBundleDisplayName = LiveArt;
				INFOPLIST_KEY_LSApplicationCategoryType = "public.app-category.video";
				INFOPLIST_KEY_UIApplicationSceneManifest_Generation = YES;
				INFOPLIST_KEY_UIApplicationSupportsIndirectInputEvents = YES;
				INFOPLIST_KEY_UILaunchScreen_Generation = YES;
				INFOPLIST_KEY_UISupportedInterfaceOrientations_iPad = "UIInterfaceOrientationPortrait UIInterfaceOrientationPortraitUpsideDown UIInterfaceOrientationLandscapeLeft UIInterfaceOrientationLandscapeRight";
				INFOPLIST_KEY_UISupportedInterfaceOrientations_iPhone = "UIInterfaceOrientationPortrait UIInterfaceOrientationLandscapeLeft UIInterfaceOrientationLandscapeRight";
				LD_RUNPATH_SEARCH_PATHS = (
					"$(inherited)",
					"@executable_path/Frameworks",
				);
				MARKETING_VERSION = 1.0;
				PRODUCT_BUNDLE_IDENTIFIER = me.xikai.LiveArt;
				PRODUCT_NAME = "$(TARGET_NAME)";
				SWIFT_EMIT_LOC_STRINGS = YES;
				SWIFT_VERSION = 5.0;
				TARGETED_DEVICE_FAMILY = "1,2";
			};
			name = Release;
		};
/* End XCBuildConfiguration section */

/* Begin XCConfigurationList section */
		FA3261832B8F173900C1E5B2 /* Build configuration list for PBXProject "LiveArt" */ = {
			isa = XCConfigurationList;
			buildConfigurations = (
				FA3261962B8F173A00C1E5B2 /* Debug */,
				FA3261972B8F173A00C1E5B2 /* Release */,
			);
			defaultConfigurationIsVisible = 0;
			defaultConfigurationName = Release;
		};
		FA3261982B8F173A00C1E5B2 /* Build configuration list for PBXNativeTarget "LiveArt" */ = {
			isa = XCConfigurationList;
			buildConfigurations = (
				FA3261992B8F173A00C1E5B2 /* Debug */,
				FA32619A2B8F173A00C1E5B2 /* Release */,
			);
			defaultConfigurationIsVisible = 0;
			defaultConfigurationName = Release;
		};
/* End XCConfigurationList section */
	};
	rootObject = FA3261802B8F173900C1E5B2 /* Project object */;
}
